// !$*UTF8*$!
{
	archiveVersion = 1;
	classes = {
	};
	objectVersion = 56;
	objects = {

/* Begin PBXBuildFile section */
		A064E1B02BC5704000EBF38A /* WeatherSwiftUIApp.swift in Sources */ = {isa = PBXBuildFile; fileRef = A064E1AF2BC5704000EBF38A /* WeatherSwiftUIApp.swift */; };
		A064E1B22BC5704000EBF38A /* ContentView.swift in Sources */ = {isa = PBXBuildFile; fileRef = A064E1B12BC5704000EBF38A /* ContentView.swift */; };
		A064E1B42BC5704300EBF38A /* Assets.xcassets in Resources */ = {isa = PBXBuildFile; fileRef = A064E1B32BC5704300EBF38A /* Assets.xcassets */; };
		A064E1B72BC5704300EBF38A /* Preview Assets.xcassets in Resources */ = {isa = PBXBuildFile; fileRef = A064E1B62BC5704300EBF38A /* Preview Assets.xcassets */; };
		A064E1BF2BC5710200EBF38A /* WeatherManager.swift in Sources */ = {isa = PBXBuildFile; fileRef = A064E1BE2BC5710200EBF38A /* WeatherManager.swift */; };
		A064E1C12BC5711100EBF38A /* LocationManager.swift in Sources */ = {isa = PBXBuildFile; fileRef = A064E1C02BC5711100EBF38A /* LocationManager.swift */; };
		A064E1C42BC5715800EBF38A /* ResponseBody.swift in Sources */ = {isa = PBXBuildFile; fileRef = A064E1C32BC5715800EBF38A /* ResponseBody.swift */; };
/* End PBXBuildFile section */

/* Begin PBXFileReference section */
		A064E1AC2BC5704000EBF38A /* WeatherSwiftUI.app */ = {isa = PBXFileReference; explicitFileType = wrapper.application; includeInIndex = 0; path = WeatherSwiftUI.app; sourceTree = BUILT_PRODUCTS_DIR; };
		A064E1AF2BC5704000EBF38A /* WeatherSwiftUIApp.swift */ = {isa = PBXFileReference; lastKnownFileType = sourcecode.swift; path = WeatherSwiftUIApp.swift; sourceTree = "<group>"; };
		A064E1B12BC5704000EBF38A /* ContentView.swift */ = {isa = PBXFileReference; lastKnownFileType = sourcecode.swift; path = ContentView.swift; sourceTree = "<group>"; };
		A064E1B32BC5704300EBF38A /* Assets.xcassets */ = {isa = PBXFileReference; lastKnownFileType = folder.assetcatalog; path = Assets.xcassets; sourceTree = "<group>"; };
		A064E1B62BC5704300EBF38A /* Preview Assets.xcassets */ = {isa = PBXFileReference; lastKnownFileType = folder.assetcatalog; path = "Preview Assets.xcassets"; sourceTree = "<group>"; };
		A064E1BE2BC5710200EBF38A /* WeatherManager.swift */ = {isa = PBXFileReference; lastKnownFileType = sourcecode.swift; path = WeatherManager.swift; sourceTree = "<group>"; };
		A064E1C02BC5711100EBF38A /* LocationManager.swift */ = {isa = PBXFileReference; lastKnownFileType = sourcecode.swift; path = LocationManager.swift; sourceTree = "<group>"; };
		A064E1C32BC5715800EBF38A /* ResponseBody.swift */ = {isa = PBXFileReference; lastKnownFileType = sourcecode.swift; path = ResponseBody.swift; sourceTree = "<group>"; };
/* End PBXFileReference section */

/* Begin PBXFrameworksBuildPhase section */
		A064E1A92BC5704000EBF38A /* Frameworks */ = {
			isa = PBXFrameworksBuildPhase;
			buildActionMask = 2147483647;
			files = (
			);
			runOnlyForDeploymentPostprocessing = 0;
		};
/* End PBXFrameworksBuildPhase section */

/* Begin PBXGroup section */
		A064E1A32BC5704000EBF38A = {
			isa = PBXGroup;
			children = (
				A064E1AE2BC5704000EBF38A /* WeatherSwiftUI */,
				A064E1AD2BC5704000EBF38A /* Products */,
			);
			sourceTree = "<group>";
		};
		A064E1AD2BC5704000EBF38A /* Products */ = {
			isa = PBXGroup;
			children = (
				A064E1AC2BC5704000EBF38A /* WeatherSwiftUI.app */,
			);
			name = Products;
			sourceTree = "<group>";
		};
		A064E1AE2BC5704000EBF38A /* WeatherSwiftUI */ = {
			isa = PBXGroup;
			children = (
				A064E1AF2BC5704000EBF38A /* WeatherSwiftUIApp.swift */,
				A064E1C52BC5718200EBF38A /* Views */,
				A064E1BD2BC570EF00EBF38A /* Managers */,
				A064E1C22BC5714600EBF38A /* Models */,
				A064E1B32BC5704300EBF38A /* Assets.xcassets */,
				A064E1B52BC5704300EBF38A /* Preview Content */,
			);
			path = WeatherSwiftUI;
			sourceTree = "<group>";
		};
		A064E1B52BC5704300EBF38A /* Preview Content */ = {
			isa = PBXGroup;
			children = (
				A064E1B62BC5704300EBF38A /* Preview Assets.xcassets */,
			);
			path = "Preview Content";
			sourceTree = "<group>";
		};
		A064E1BD2BC570EF00EBF38A /* Managers */ = {
			isa = PBXGroup;
			children = (
				A064E1BE2BC5710200EBF38A /* WeatherManager.swift */,
				A064E1C02BC5711100EBF38A /* LocationManager.swift */,
			);
			path = Managers;
			sourceTree = "<group>";
		};
		A064E1C22BC5714600EBF38A /* Models */ = {
			isa = PBXGroup;
			children = (
				A064E1C32BC5715800EBF38A /* ResponseBody.swift */,
			);
			path = Models;
			sourceTree = "<group>";
		};
		A064E1C52BC5718200EBF38A /* Views */ = {
			isa = PBXGroup;
			children = (
				A064E1B12BC5704000EBF38A /* ContentView.swift */,
			);
			path = Views;
			sourceTree = "<group>";
		};
/* End PBXGroup section */

/* Begin PBXNativeTarget section */
		A064E1AB2BC5704000EBF38A /* WeatherSwiftUI */ = {
			isa = PBXNativeTarget;
			buildConfigurationList = A064E1BA2BC5704300EBF38A /* Build configuration list for PBXNativeTarget "WeatherSwiftUI" */;
			buildPhases = (
				A064E1A82BC5704000EBF38A /* Sources */,
				A064E1A92BC5704000EBF38A /* Frameworks */,
				A064E1AA2BC5704000EBF38A /* Resources */,
			);
			buildRules = (
			);
			dependencies = (
			);
			name = WeatherSwiftUI;
			productName = WeatherSwiftUI;
			productReference = A064E1AC2BC5704000EBF38A /* WeatherSwiftUI.app */;
			productType = "com.apple.product-type.application";
		};
/* End PBXNativeTarget section */

/* Begin PBXProject section */
		A064E1A42BC5704000EBF38A /* Project object */ = {
			isa = PBXProject;
			attributes = {
				BuildIndependentTargetsInParallel = 1;
				LastSwiftUpdateCheck = 1420;
				LastUpgradeCheck = 1420;
				TargetAttributes = {
					A064E1AB2BC5704000EBF38A = {
						CreatedOnToolsVersion = 14.2;
					};
				};
			};
			buildConfigurationList = A064E1A72BC5704000EBF38A /* Build configuration list for PBXProject "WeatherSwiftUI" */;
			compatibilityVersion = "Xcode 14.0";
			developmentRegion = en;
			hasScannedForEncodings = 0;
			knownRegions = (
				en,
				Base,
			);
			mainGroup = A064E1A32BC5704000EBF38A;
			productRefGroup = A064E1AD2BC5704000EBF38A /* Products */;
			projectDirPath = "";
			projectRoot = "";
			targets = (
				A064E1AB2BC5704000EBF38A /* WeatherSwiftUI */,
			);
		};
/* End PBXProject section */

/* Begin PBXResourcesBuildPhase section */
		A064E1AA2BC5704000EBF38A /* Resources */ = {
			isa = PBXResourcesBuildPhase;
			buildActionMask = 2147483647;
			files = (
				A064E1B72BC5704300EBF38A /* Preview Assets.xcassets in Resources */,
				A064E1B42BC5704300EBF38A /* Assets.xcassets in Resources */,
			);
			runOnlyForDeploymentPostprocessing = 0;
		};
/* End PBXResourcesBuildPhase section */

/* Begin PBXSourcesBuildPhase section */
		A064E1A82BC5704000EBF38A /* Sources */ = {
			isa = PBXSourcesBuildPhase;
			buildActionMask = 2147483647;
			files = (
				A064E1C12BC5711100EBF38A /* LocationManager.swift in Sources */,
				A064E1BF2BC5710200EBF38A /* WeatherManager.swift in Sources */,
				A064E1B22BC5704000EBF38A /* ContentView.swift in Sources */,
				A064E1C42BC5715800EBF38A /* ResponseBody.swift in Sources */,
				A064E1B02BC5704000EBF38A /* WeatherSwiftUIApp.swift in Sources */,
			);
			runOnlyForDeploymentPostprocessing = 0;
		};
/* End PBXSourcesBuildPhase section */

/* Begin XCBuildConfiguration section */
		A064E1B82BC5704300EBF38A /* Debug */ = {
			isa = XCBuildConfiguration;
			buildSettings = {
				ALWAYS_SEARCH_USER_PATHS = NO;
				CLANG_ANALYZER_NONNULL = YES;
				CLANG_ANALYZER_NUMBER_OBJECT_CONVERSION = YES_AGGRESSIVE;
				CLANG_CXX_LANGUAGE_STANDARD = "gnu++20";
				CLANG_ENABLE_MODULES = YES;
				CLANG_ENABLE_OBJC_ARC = YES;
				CLANG_ENABLE_OBJC_WEAK = YES;
				CLANG_WARN_BLOCK_CAPTURE_AUTORELEASING = YES;
				CLANG_WARN_BOOL_CONVERSION = YES;
				CLANG_WARN_COMMA = YES;
				CLANG_WARN_CONSTANT_CONVERSION = YES;
				CLANG_WARN_DEPRECATED_OBJC_IMPLEMENTATIONS = YES;
				CLANG_WARN_DIRECT_OBJC_ISA_USAGE = YES_ERROR;
				CLANG_WARN_DOCUMENTATION_COMMENTS = YES;
				CLANG_WARN_EMPTY_BODY = YES;
				CLANG_WARN_ENUM_CONVERSION = YES;
				CLANG_WARN_INFINITE_RECURSION = YES;
				CLANG_WARN_INT_CONVERSION = YES;
				CLANG_WARN_NON_LITERAL_NULL_CONVERSION = YES;
				CLANG_WARN_OBJC_IMPLICIT_RETAIN_SELF = YES;
				CLANG_WARN_OBJC_LITERAL_CONVERSION = YES;
				CLANG_WARN_OBJC_ROOT_CLASS = YES_ERROR;
				CLANG_WARN_QUOTED_INCLUDE_IN_FRAMEWORK_HEADER = YES;
				CLANG_WARN_RANGE_LOOP_ANALYSIS = YES;
				CLANG_WARN_STRICT_PROTOTYPES = YES;
				CLANG_WARN_SUSPICIOUS_MOVE = YES;
				CLANG_WARN_UNGUARDED_AVAILABILITY = YES_AGGRESSIVE;
				CLANG_WARN_UNREACHABLE_CODE = YES;
				CLANG_WARN__DUPLICATE_METHOD_MATCH = YES;
				COPY_PHASE_STRIP = NO;
				DEBUG_INFORMATION_FORMAT = dwarf;
				ENABLE_STRICT_OBJC_MSGSEND = YES;
				ENABLE_TESTABILITY = YES;
				GCC_C_LANGUAGE_STANDARD = gnu11;
				GCC_DYNAMIC_NO_PIC = NO;
				GCC_NO_COMMON_BLOCKS = YES;
				GCC_OPTIMIZATION_LEVEL = 0;
				GCC_PREPROCESSOR_DEFINITIONS = (
					"DEBUG=1",
					"$(inherited)",
				);
				GCC_WARN_64_TO_32_BIT_CONVERSION = YES;
				GCC_WARN_ABOUT_RETURN_TYPE = YES_ERROR;
				GCC_WARN_UNDECLARED_SELECTOR = YES;
				GCC_WARN_UNINITIALIZED_AUTOS = YES_AGGRESSIVE;
				GCC_WARN_UNUSED_FUNCTION = YES;
				GCC_WARN_UNUSED_VARIABLE = YES;
				IPHONEOS_DEPLOYMENT_TARGET = 16.2;
				MTL_ENABLE_DEBUG_INFO = INCLUDE_SOURCE;
				MTL_FAST_MATH = YES;
				ONLY_ACTIVE_ARCH = YES;
				SDKROOT = iphoneos;
				SWIFT_ACTIVE_COMPILATION_CONDITIONS = DEBUG;
				SWIFT_OPTIMIZATION_LEVEL = "-Onone";
			};
			name = Debug;
		};
		A064E1B92BC5704300EBF38A /* Release */ = {
			isa = XCBuildConfiguration;
			buildSettings = {
				ALWAYS_SEARCH_USER_PATHS = NO;
				CLANG_ANALYZER_NONNULL = YES;
				CLANG_ANALYZER_NUMBER_OBJECT_CONVERSION = YES_AGGRESSIVE;
				CLANG_CXX_LANGUAGE_STANDARD = "gnu++20";
				CLANG_ENABLE_MODULES = YES;
				CLANG_ENABLE_OBJC_ARC = YES;
				CLANG_ENABLE_OBJC_WEAK = YES;
				CLANG_WARN_BLOCK_CAPTURE_AUTORELEASING = YES;
				CLANG_WARN_BOOL_CONVERSION = YES;
				CLANG_WARN_COMMA = YES;
				CLANG_WARN_CONSTANT_CONVERSION = YES;
				CLANG_WARN_DEPRECATED_OBJC_IMPLEMENTATIONS = YES;
				CLANG_WARN_DIRECT_OBJC_ISA_USAGE = YES_ERROR;
				CLANG_WARN_DOCUMENTATION_COMMENTS = YES;
				CLANG_WARN_EMPTY_BODY = YES;
				CLANG_WARN_ENUM_CONVERSION = YES;
				CLANG_WARN_INFINITE_RECURSION = YES;
				CLANG_WARN_INT_CONVERSION = YES;
				CLANG_WARN_NON_LITERAL_NULL_CONVERSION = YES;
				CLANG_WARN_OBJC_IMPLICIT_RETAIN_SELF = YES;
				CLANG_WARN_OBJC_LITERAL_CONVERSION = YES;
				CLANG_WARN_OBJC_ROOT_CLASS = YES_ERROR;
				CLANG_WARN_QUOTED_INCLUDE_IN_FRAMEWORK_HEADER = YES;
				CLANG_WARN_RANGE_LOOP_ANALYSIS = YES;
				CLANG_WARN_STRICT_PROTOTYPES = YES;
				CLANG_WARN_SUSPICIOUS_MOVE = YES;
				CLANG_WARN_UNGUARDED_AVAILABILITY = YES_AGGRESSIVE;
				CLANG_WARN_UNREACHABLE_CODE = YES;
				CLANG_WARN__DUPLICATE_METHOD_MATCH = YES;
				COPY_PHASE_STRIP = NO;
				DEBUG_INFORMATION_FORMAT = "dwarf-with-dsym";
				ENABLE_NS_ASSERTIONS = NO;
				ENABLE_STRICT_OBJC_MSGSEND = YES;
				GCC_C_LANGUAGE_STANDARD = gnu11;
				GCC_NO_COMMON_BLOCKS = YES;
				GCC_WARN_64_TO_32_BIT_CONVERSION = YES;
				GCC_WARN_ABOUT_RETURN_TYPE = YES_ERROR;
				GCC_WARN_UNDECLARED_SELECTOR = YES;
				GCC_WARN_UNINITIALIZED_AUTOS = YES_AGGRESSIVE;
				GCC_WARN_UNUSED_FUNCTION = YES;
				GCC_WARN_UNUSED_VARIABLE = YES;
				IPHONEOS_DEPLOYMENT_TARGET = 16.2;
				MTL_ENABLE_DEBUG_INFO = NO;
				MTL_FAST_MATH = YES;
				SDKROOT = iphoneos;
				SWIFT_COMPILATION_MODE = wholemodule;
				SWIFT_OPTIMIZATION_LEVEL = "-O";
				VALIDATE_PRODUCT = YES;
			};
			name = Release;
		};
		A064E1BB2BC5704300EBF38A /* Debug */ = {
			isa = XCBuildConfiguration;
			buildSettings = {
				ASSETCATALOG_COMPILER_APPICON_NAME = AppIcon;
				ASSETCATALOG_COMPILER_GLOBAL_ACCENT_COLOR_NAME = AccentColor;
				CODE_SIGN_STYLE = Automatic;
				CURRENT_PROJECT_VERSION = 1;
				DEVELOPMENT_ASSET_PATHS = "\"WeatherSwiftUI/Preview Content\"";
				DEVELOPMENT_TEAM = G3BRV8XY52;
				ENABLE_PREVIEWS = YES;
				GENERATE_INFOPLIST_FILE = YES;
				INFOPLIST_KEY_UIApplicationSceneManifest_Generation = YES;
				INFOPLIST_KEY_UIApplicationSupportsIndirectInputEvents = YES;
				INFOPLIST_KEY_UILaunchScreen_Generation = YES;
				INFOPLIST_KEY_UISupportedInterfaceOrientations_iPad = "UIInterfaceOrientationPortrait UIInterfaceOrientationPortraitUpsideDown UIInterfaceOrientationLandscapeLeft UIInterfaceOrientationLandscapeRight";
				INFOPLIST_KEY_UISupportedInterfaceOrientations_iPhone = "UIInterfaceOrientationPortrait UIInterfaceOrientationLandscapeLeft UIInterfaceOrientationLandscapeRight";
				LD_RUNPATH_SEARCH_PATHS = (
					"$(inherited)",
					"@executable_path/Frameworks",
				);
				MARKETING_VERSION = 1.0;
				PRODUCT_BUNDLE_IDENTIFIER = ru.emiliamilanovich.WeatherSwiftUI;
				PRODUCT_NAME = "$(TARGET_NAME)";
				SWIFT_EMIT_LOC_STRINGS = YES;
				SWIFT_VERSION = 5.0;
				TARGETED_DEVICE_FAMILY = "1,2";
			};
			name = Debug;
		};
		A064E1BC2BC5704300EBF38A /* Release */ = {
			isa = XCBuildConfiguration;
			buildSettings = {
				ASSETCATALOG_COMPILER_APPICON_NAME = AppIcon;
				ASSETCATALOG_COMPILER_GLOBAL_ACCENT_COLOR_NAME = AccentColor;
				CODE_SIGN_STYLE = Automatic;
				CURRENT_PROJECT_VERSION = 1;
				DEVELOPMENT_ASSET_PATHS = "\"WeatherSwiftUI/Preview Content\"";
				DEVELOPMENT_TEAM = G3BRV8XY52;
				ENABLE_PREVIEWS = YES;
				GENERATE_INFOPLIST_FILE = YES;
				INFOPLIST_KEY_UIApplicationSceneManifest_Generation = YES;
				INFOPLIST_KEY_UIApplicationSupportsIndirectInputEvents = YES;
				INFOPLIST_KEY_UILaunchScreen_Generation = YES;
				INFOPLIST_KEY_UISupportedInterfaceOrientations_iPad = "UIInterfaceOrientationPortrait UIInterfaceOrientationPortraitUpsideDown UIInterfaceOrientationLandscapeLeft UIInterfaceOrientationLandscapeRight";
				INFOPLIST_KEY_UISupportedInterfaceOrientations_iPhone = "UIInterfaceOrientationPortrait UIInterfaceOrientationLandscapeLeft UIInterfaceOrientationLandscapeRight";
				LD_RUNPATH_SEARCH_PATHS = (
					"$(inherited)",
					"@executable_path/Frameworks",
				);
				MARKETING_VERSION = 1.0;
				PRODUCT_BUNDLE_IDENTIFIER = ru.emiliamilanovich.WeatherSwiftUI;
				PRODUCT_NAME = "$(TARGET_NAME)";
				SWIFT_EMIT_LOC_STRINGS = YES;
				SWIFT_VERSION = 5.0;
				TARGETED_DEVICE_FAMILY = "1,2";
			};
			name = Release;
		};
/* End XCBuildConfiguration section */

/* Begin XCConfigurationList section */
		A064E1A72BC5704000EBF38A /* Build configuration list for PBXProject "WeatherSwiftUI" */ = {
			isa = XCConfigurationList;
			buildConfigurations = (
				A064E1B82BC5704300EBF38A /* Debug */,
				A064E1B92BC5704300EBF38A /* Release */,
			);
			defaultConfigurationIsVisible = 0;
			defaultConfigurationName = Release;
		};
		A064E1BA2BC5704300EBF38A /* Build configuration list for PBXNativeTarget "WeatherSwiftUI" */ = {
			isa = XCConfigurationList;
			buildConfigurations = (
				A064E1BB2BC5704300EBF38A /* Debug */,
				A064E1BC2BC5704300EBF38A /* Release */,
			);
			defaultConfigurationIsVisible = 0;
			defaultConfigurationName = Release;
		};
/* End XCConfigurationList section */
	};
	rootObject = A064E1A42BC5704000EBF38A /* Project object */;
}
